{
  "lockfileVersion": 1,
  "workspaces": {
    "": {
      "name": "git-workers",
      "devDependencies": {
        "lefthook": "^1.12.2",
        "prettier": "^3.6.2",
      },
    },
  },
  "packages": {
    "lefthook": ["lefthook@1.12.2", "", { "optionalDependencies": { "lefthook-darwin-arm64": "1.12.2", "lefthook-darwin-x64": "1.12.2", "lefthook-freebsd-arm64": "1.12.2", "lefthook-freebsd-x64": "1.12.2", "lefthook-linux-arm64": "1.12.2", "lefthook-linux-x64": "1.12.2", "lefthook-openbsd-arm64": "1.12.2", "lefthook-openbsd-x64": "1.12.2", "lefthook-windows-arm64": "1.12.2", "lefthook-windows-x64": "1.12.2" }, "bin": { "lefthook": "bin/index.js" } }, "sha512-2CeTu5NcmoT9YnqsHTq/TF36MlqlzHzhivGx3DrXHwcff4TdvrkIwUTA56huM3Nlo5ODAF/0hlPzaKLmNHCBnQ=="],

    "lefthook-darwin-arm64": ["lefthook-darwin-arm64@1.12.2", "", { "os": "darwin", "cpu": "arm64" }, "sha512-fTxeI9tEskrHjc3QyEO+AG7impBXY2Ed8V5aiRc3fw9POfYtVh9b5jRx90fjk2+ld5hf+Z1DsyyLq/vOHDFskQ=="],

    "lefthook-darwin-x64": ["lefthook-darwin-x64@1.12.2", "", { "os": "darwin", "cpu": "x64" }, "sha512-T1dCDKAAfdHgYZ8qtrS02SJSHoR52RFcrGArFNll9Mu4ZSV19Sp8BO+kTwDUOcLYdcPGNaqOp9PkRBQGZWQC7g=="],

    "lefthook-freebsd-arm64": ["lefthook-freebsd-arm64@1.12.2", "", { "os": "freebsd", "cpu": "arm64" }, "sha512-2n9z7Q4BKeMBoB9cuEdv0UBQH82Z4GgBQpCrfjCtyzpDnYQwrH8Tkrlnlko4qPh9MM6nLLGIYMKsA5nltzo8Cg=="],

    "lefthook-freebsd-x64": ["lefthook-freebsd-x64@1.12.2", "", { "os": "freebsd", "cpu": "x64" }, "sha512-1hNY/irY+/3kjRzKoJYxG+m3BYI8QxopJUK1PQnknGo1Wy5u302SdX+tR7pnpz6JM5chrNw4ozSbKKOvdZ5VEw=="],

    "lefthook-linux-arm64": ["lefthook-linux-arm64@1.12.2", "", { "os": "linux", "cpu": "arm64" }, "sha512-1W4swYIVRkxq/LFTuuK4oVpd6NtTKY4E3VY2Uq2JDkIOJV46+8qGBF+C/QA9K3O9chLffgN7c+i+NhIuGiZ/Vw=="],

    "lefthook-linux-x64": ["lefthook-linux-x64@1.12.2", "", { "os": "linux", "cpu": "x64" }, "sha512-J6VGuMfhq5iCsg1Pv7xULbuXC63gP5LaikT0PhkyBNMi3HQneZFDJ8k/sp0Ue9HkQv6QfWIo3/FgB9gz38MCFw=="],

    "lefthook-openbsd-arm64": ["lefthook-openbsd-arm64@1.12.2", "", { "os": "openbsd", "cpu": "arm64" }, "sha512-wncDRW3ml24DaOyH22KINumjvCohswbQqbxyH2GORRCykSnE859cTjOrRIchTKBIARF7PSeGPUtS7EK0+oDbaw=="],

    "lefthook-openbsd-x64": ["lefthook-openbsd-x64@1.12.2", "", { "os": "openbsd", "cpu": "x64" }, "sha512-2jDOkCHNnc/oK/vR62hAf3vZb1EQ6Md2GjIlgZ/V7A3ztOsM8QZ5IxwYN3D1UOIR5ZnwMBy7PtmTJC/HJrig5w=="],

    "lefthook-windows-arm64": ["lefthook-windows-arm64@1.12.2", "", { "os": "win32", "cpu": "arm64" }, "sha512-ZMH/q6UNSidhHEG/1QoqIl1n4yPTBWuVmKx5bONtKHicoz4QCQ+QEiNjKsG5OO4C62nfyHGThmweCzZVUQECJw=="],

    "lefthook-windows-x64": ["lefthook-windows-x64@1.12.2", "", { "os": "win32", "cpu": "x64" }, "sha512-TqT2jIPcTQ9uwaw+v+DTmvnUHM/p7bbsSrPoPX+fRXSGLzFjyiY+12C9dObSwfCQq6rT70xqQJ9AmftJQsa5/Q=="],

    "prettier": ["prettier@3.6.2", "", { "bin": { "prettier": "bin/prettier.cjs" } }, "sha512-I7AIg5boAr5R0FFtJ6rCfD+LFsWHp81dolrFD8S79U9tb8Az2nGrJncnMSnys+bpQJfRUzqs9hnA81OAA3hCuQ=="],
  }
}
